{
  "name": "authifyurl",
  "version": "1.0.0",
  "lockfileVersion": 3,
  "requires": true,
  "packages": {
    "": {
      "name": "authifyurl",
      "version": "1.0.0",
      "license": "GPL-3.0-or-later",
      "dependencies": {
        "typeahead-standalone": "^4.19.1"
      }
    },
    "node_modules/typeahead-standalone": {
      "version": "4.19.1",
      "resolved": "https://registry.npmjs.org/typeahead-standalone/-/typeahead-standalone-4.19.1.tgz",
      "integrity": "sha512-QhtMkW8MsLkfl/9guOIZiCC4zZ+LS7EmtXPIoYypYOHlIgX6Mvc39WPSKFcVOxXNM3p8V8cR77ga/j4SNzLhXg=="
    }
  }
}
